
Microsoft Visual Studio Solution File, Format Version 12.00
# Visual Studio Version 16
VisualStudioVersion = 16.0.31321.278
MinimumVisualStudioVersion = 10.0.40219.1
Project("{9A19103F-16F7-4668-BE54-9A1E7A4F7556}") = "PTSL.DgFood.Api", "DgFood\PTSL.DgFood.Api.csproj", "{919383C2-2DA0-4C5D-8326-D75B6C16F24F}"
EndProject
Project("{9A19103F-16F7-4668-BE54-9A1E7A4F7556}") = "PTSL.DgFood.Business", "PTSL.DgFood.Business\PTSL.DgFood.Business.csproj", "{3560621D-D526-4E42-9D40-2C1FA121089E}"
EndProject
Project("{9A19103F-16F7-4668-BE54-9A1E7A4F7556}") = "PTSL.DgFood.Common", "PTSL.DgFood.Common\PTSL.DgFood.Common.csproj", "{734095BE-6974-4088-9A9F-4729EA537600}"
EndProject
Project("{9A19103F-16F7-4668-BE54-9A1E7A4F7556}") = "PTSL.DgFood.DAL", "PTSL.DgFood.DAL\PTSL.DgFood.DAL.csproj", "{A638963A-20AB-4EE9-95BF-3DA68C0490E9}"
EndProject
Project("{9A19103F-16F7-4668-BE54-9A1E7A4F7556}") = "PTSL.DgFood.Service", "PTSL.DgFood.Service\PTSL.DgFood.Service.csproj", "{900F4E75-F2D2-4558-8A23-FC161CF71CB9}"
EndProject
Project("{FAE04EC0-301F-11D3-BF4B-00C04F79EFBC}") = "PTSL.DgFood.Web", "PTSL.DgFood.Web\PTSL.DgFood.Web.csproj", "{4AA8E3A6-021E-4722-94E5-6EBE3EFC88A9}"
EndProject
Project("{FAE04EC0-301F-11D3-BF4B-00C04F79EFBC}") = "PTSL.DgFood.Web.Tests", "PTSL.DgFood.Web.Tests\PTSL.DgFood.Web.Tests.csproj", "{3B66242B-CBE1-4F56-827B-9904C3B47A21}"
EndProject
Project("{FAE04EC0-301F-11D3-BF4B-00C04F79EFBC}") = "PTSL.BdArmy.Web", "PTSL.BdArmy.Web\PTSL.BdArmy.Web.csproj", "{FF84A79F-264B-4B9B-8720-55222F2B8562}"
EndProject
Project("{FAE04EC0-301F-11D3-BF4B-00C04F79EFBC}") = "CustomFeildValidation", "EnglishAndBanglaFeildValidation\CustomFeildValidation.csproj", "{C957BB19-D84F-4267-A789-BA8A02B29A72}"
EndProject
Project("{9A19103F-16F7-4668-BE54-9A1E7A4F7556}") = "ProcedureCollection", "PTSL.DgFood.Procedure\ProcedureCollection.csproj", "{04FF8183-94D9-4958-B408-DE8F7DB43EFC}"
EndProject
Global
	GlobalSection(SolutionConfigurationPlatforms) = preSolution
		Debug|Any CPU = Debug|Any CPU
		Release|Any CPU = Release|Any CPU
	EndGlobalSection
	GlobalSection(ProjectConfigurationPlatforms) = postSolution
		{919383C2-2DA0-4C5D-8326-D75B6C16F24F}.Debug|Any CPU.ActiveCfg = Debug|Any CPU
		{919383C2-2DA0-4C5D-8326-D75B6C16F24F}.Debug|Any CPU.Build.0 = Debug|Any CPU
		{919383C2-2DA0-4C5D-8326-D75B6C16F24F}.Release|Any CPU.ActiveCfg = Release|Any CPU
		{919383C2-2DA0-4C5D-8326-D75B6C16F24F}.Release|Any CPU.Build.0 = Release|Any CPU
		{3560621D-D526-4E42-9D40-2C1FA121089E}.Debug|Any CPU.ActiveCfg = Debug|Any CPU
		{3560621D-D526-4E42-9D40-2C1FA121089E}.Debug|Any CPU.Build.0 = Debug|Any CPU
		{3560621D-D526-4E42-9D40-2C1FA121089E}.Release|Any CPU.ActiveCfg = Release|Any CPU
		{3560621D-D526-4E42-9D40-2C1FA121089E}.Release|Any CPU.Build.0 = Release|Any CPU
		{734095BE-6974-4088-9A9F-4729EA537600}.Debug|Any CPU.ActiveCfg = Debug|Any CPU
		{734095BE-6974-4088-9A9F-4729EA537600}.Debug|Any CPU.Build.0 = Debug|Any CPU
		{734095BE-6974-4088-9A9F-4729EA537600}.Release|Any CPU.ActiveCfg = Release|Any CPU
		{734095BE-6974-4088-9A9F-4729EA537600}.Release|Any CPU.Build.0 = Release|Any CPU
		{A638963A-20AB-4EE9-95BF-3DA68C0490E9}.Debug|Any CPU.ActiveCfg = Debug|Any CPU
		{A638963A-20AB-4EE9-95BF-3DA68C0490E9}.Debug|Any CPU.Build.0 = Debug|Any CPU
		{A638963A-20AB-4EE9-95BF-3DA68C0490E9}.Release|Any CPU.ActiveCfg = Release|Any CPU
		{A638963A-20AB-4EE9-95BF-3DA68C0490E9}.Release|Any CPU.Build.0 = Release|Any CPU
		{900F4E75-F2D2-4558-8A23-FC161CF71CB9}.Debug|Any CPU.ActiveCfg = Debug|Any CPU
		{900F4E75-F2D2-4558-8A23-FC161CF71CB9}.Debug|Any CPU.Build.0 = Debug|Any CPU
		{900F4E75-F2D2-4558-8A23-FC161CF71CB9}.Release|Any CPU.ActiveCfg = Release|Any CPU
		{900F4E75-F2D2-4558-8A23-FC161CF71CB9}.Release|Any CPU.Build.0 = Release|Any CPU
		{4AA8E3A6-021E-4722-94E5-6EBE3EFC88A9}.Debug|Any CPU.ActiveCfg = Debug|Any CPU
		{4AA8E3A6-021E-4722-94E5-6EBE3EFC88A9}.Debug|Any CPU.Build.0 = Debug|Any CPU
		{4AA8E3A6-021E-4722-94E5-6EBE3EFC88A9}.Release|Any CPU.ActiveCfg = Release|Any CPU
		{4AA8E3A6-021E-4722-94E5-6EBE3EFC88A9}.Release|Any CPU.Build.0 = Release|Any CPU
		{3B66242B-CBE1-4F56-827B-9904C3B47A21}.Debug|Any CPU.ActiveCfg = Debug|Any CPU
		{3B66242B-CBE1-4F56-827B-9904C3B47A21}.Debug|Any CPU.Build.0 = Debug|Any CPU
		{3B66242B-CBE1-4F56-827B-9904C3B47A21}.Release|Any CPU.ActiveCfg = Release|Any CPU
		{3B66242B-CBE1-4F56-827B-9904C3B47A21}.Release|Any CPU.Build.0 = Release|Any CPU
		{FF84A79F-264B-4B9B-8720-55222F2B8562}.Debug|Any CPU.ActiveCfg = Debug|Any CPU
		{FF84A79F-264B-4B9B-8720-55222F2B8562}.Debug|Any CPU.Build.0 = Debug|Any CPU
		{FF84A79F-264B-4B9B-8720-55222F2B8562}.Release|Any CPU.ActiveCfg = Release|Any CPU
		{FF84A79F-264B-4B9B-8720-55222F2B8562}.Release|Any CPU.Build.0 = Release|Any CPU
		{C957BB19-D84F-4267-A789-BA8A02B29A72}.Debug|Any CPU.ActiveCfg = Debug|Any CPU
		{C957BB19-D84F-4267-A789-BA8A02B29A72}.Debug|Any CPU.Build.0 = Debug|Any CPU
		{C957BB19-D84F-4267-A789-BA8A02B29A72}.Release|Any CPU.ActiveCfg = Release|Any CPU
		{C957BB19-D84F-4267-A789-BA8A02B29A72}.Release|Any CPU.Build.0 = Release|Any CPU
		{04FF8183-94D9-4958-B408-DE8F7DB43EFC}.Debug|Any CPU.ActiveCfg = Debug|Any CPU
		{04FF8183-94D9-4958-B408-DE8F7DB43EFC}.Debug|Any CPU.Build.0 = Debug|Any CPU
		{04FF8183-94D9-4958-B408-DE8F7DB43EFC}.Release|Any CPU.ActiveCfg = Release|Any CPU
		{04FF8183-94D9-4958-B408-DE8F7DB43EFC}.Release|Any CPU.Build.0 = Release|Any CPU
	EndGlobalSection
	GlobalSection(SolutionProperties) = preSolution
		HideSolutionNode = FALSE
	EndGlobalSection
	GlobalSection(ExtensibilityGlobals) = postSolution
		SolutionGuid = {A986193E-EB5B-4D35-9843-B53AD2C8D0CD}
	EndGlobalSection
EndGlobal
